[[package]]
name = "astunparse"
version = "1.6.3"
description = "An AST unparser for Python"
category = "main"
optional = false
python-versions = "*"

[package.dependencies]
six = ">=1.6.1,<2.0"

[[package]]
name = "atomicwrites"
version = "1.4.0"
description = "Atomic file writes."
category = "dev"
optional = false
python-versions = ">=2.7, !=3.0.*, !=3.1.*, !=3.2.*, !=3.3.*"

[[package]]
name = "attrs"
version = "20.3.0"
description = "Classes Without Boilerplate"
category = "main"
optional = false
python-versions = ">=2.7, !=3.0.*, !=3.1.*, !=3.2.*, !=3.3.*"

[package.extras]
dev = ["coverage[toml] (>=5.0.2)", "hypothesis", "pympler", "pytest (>=4.3.0)", "six", "zope.interface", "furo", "sphinx", "pre-commit"]
docs = ["furo", "sphinx", "zope.interface"]
tests = ["coverage[toml] (>=5.0.2)", "hypothesis", "pympler", "pytest (>=4.3.0)", "six", "zope.interface"]
tests_no_zope = ["coverage[toml] (>=5.0.2)", "hypothesis", "pympler", "pytest (>=4.3.0)", "six"]

[[package]]
name = "colorama"
version = "0.4.5"
description = "Cross-platform colored terminal text."
category = "main"
optional = false
python-versions = ">=2.7, !=3.0.*, !=3.1.*, !=3.2.*, !=3.3.*, !=3.4.*"

[[package]]
name = "coverage"
version = "6.4.1"
description = "Code coverage measurement for Python"
category = "dev"
optional = false
python-versions = ">=3.7"

[package.extras]
toml = ["tomli"]

[[package]]
name = "importlib-metadata"
version = "4.12.0"
description = "Read metadata from Python packages"
category = "main"
optional = false
python-versions = ">=3.7"

[package.dependencies]
zipp = ">=0.5"

[package.extras]
docs = ["sphinx", "jaraco.packaging (>=9)", "rst.linker (>=1.9)"]
perf = ["ipython"]
testing = ["pytest (>=6)", "pytest-checkdocs (>=2.4)", "pytest-flake8", "pytest-cov", "pytest-enabler (>=1.3)", "packaging", "pyfakefs", "flufl.flake8", "pytest-perf (>=0.9.2)", "pytest-black (>=0.3.7)", "pytest-mypy (>=0.9.1)", "importlib-resources (>=1.3)"]

[[package]]
name = "importlib-resources"
version = "5.8.0"
description = "Read resources from Python packages"
category = "main"
optional = false
python-versions = ">=3.7"

[package.dependencies]
zipp = {version = ">=3.1.0", markers = "python_version < \"3.10\""}

[package.extras]
docs = ["sphinx", "jaraco.packaging (>=9)", "rst.linker (>=1.9)"]
testing = ["pytest (>=6)", "pytest-checkdocs (>=2.4)", "pytest-flake8", "pytest-cov", "pytest-enabler (>=1.0.1)", "pytest-black (>=0.3.7)", "pytest-mypy (>=0.9.1)"]

[[package]]
name = "iniconfig"
version = "1.1.1"
description = "iniconfig: brain-dead simple config-ini parsing"
category = "dev"
optional = false
python-versions = "*"

[[package]]
name = "jsonschema"
version = "4.9.1"
description = "An implementation of JSON Schema validation for Python"
category = "main"
optional = false
python-versions = ">=3.7"

[package.dependencies]
attrs = ">=17.4.0"
importlib-resources = {version = ">=1.4.0", markers = "python_version < \"3.9\""}
pkgutil-resolve-name = {version = ">=1.3.10", markers = "python_version < \"3.9\""}
pyrsistent = ">=0.14.0,<0.17.0 || >0.17.0,<0.17.1 || >0.17.1,<0.17.2 || >0.17.2"

[package.extras]
format = ["fqdn", "idna", "isoduration", "jsonpointer (>1.13)", "rfc3339-validator", "rfc3987", "uri-template", "webcolors (>=1.11)"]
format-nongpl = ["fqdn", "idna", "isoduration", "jsonpointer (>1.13)", "rfc3339-validator", "rfc3986-validator (>0.1.0)", "uri-template", "webcolors (>=1.11)"]

[[package]]
name = "llvmlite"
version = "0.39.0"
description = "lightweight wrapper around basic LLVM functionality"
category = "main"
optional = false
python-versions = ">=3.7"

[[package]]
name = "mdtraj"
version = "1.9.7"
description = "MDTraj: A modern, open library for the analysis of molecular dynamics trajectories"
category = "main"
optional = false
python-versions = "*"

[package.dependencies]
astunparse = "*"
numpy = ">=1.6"
pyparsing = "*"
scipy = "*"

[[package]]
name = "numba"
version = "0.56.0"
description = "compiling Python code using LLVM"
category = "main"
optional = false
python-versions = ">=3.7"

[package.dependencies]
importlib-metadata = {version = "*", markers = "python_version < \"3.9\""}
llvmlite = ">=0.39.0dev0,<0.40"
numpy = ">=1.18,<1.23"

[[package]]
name = "numpy"
version = "1.22.0"
description = "NumPy is the fundamental package for array computing with Python."
category = "main"
optional = false
python-versions = ">=3.8"

[[package]]
name = "packaging"
version = "21.3"
description = "Core utilities for Python packages"
category = "dev"
optional = false
python-versions = ">=3.6"

[package.dependencies]
pyparsing = ">=2.0.2,<3.0.5 || >3.0.5"

[[package]]
name = "pandas"
version = "1.4.3"
description = "Powerful data structures for data analysis, time series, and statistics"
category = "main"
optional = false
python-versions = ">=3.8"

[package.dependencies]
numpy = [
    {version = ">=1.18.5", markers = "platform_machine != \"aarch64\" and platform_machine != \"arm64\" and python_version < \"3.10\""},
    {version = ">=1.19.2", markers = "platform_machine == \"aarch64\" and python_version < \"3.10\""},
    {version = ">=1.20.0", markers = "platform_machine == \"arm64\" and python_version < \"3.10\""},
    {version = ">=1.21.0", markers = "python_version >= \"3.10\""},
]
python-dateutil = ">=2.8.1"
pytz = ">=2020.1"

[package.extras]
test = ["hypothesis (>=5.5.3)", "pytest (>=6.0)", "pytest-xdist (>=1.31)"]

[[package]]
name = "pkgutil-resolve-name"
version = "1.3.10"
description = "Resolve a name to an object."
category = "main"
optional = false
python-versions = ">=3.6"

[[package]]
name = "pluggy"
version = "1.0.0"
description = "plugin and hook calling mechanisms for python"
category = "dev"
optional = false
python-versions = ">=3.6"

[package.extras]
testing = ["pytest-benchmark", "pytest"]
dev = ["tox", "pre-commit"]

[[package]]
name = "py"
version = "1.11.0"
description = "library with cross-python path, ini-parsing, io, code, log facilities"
category = "dev"
optional = false
python-versions = ">=2.7, !=3.0.*, !=3.1.*, !=3.2.*, !=3.3.*, !=3.4.*"

[[package]]
name = "pyparsing"
version = "3.0.9"
description = "pyparsing module - Classes and methods to define and execute parsing grammars"
category = "main"
optional = false
python-versions = ">=3.6.8"

[package.extras]
diagrams = ["railroad-diagrams", "jinja2"]

[[package]]
name = "pyqt5"
version = "5.15.7"
description = "Python bindings for the Qt cross platform application toolkit"
category = "main"
optional = false
python-versions = ">=3.7"

[package.dependencies]
PyQt5-Qt5 = ">=5.15.0"
PyQt5-sip = ">=12.11,<13"

[[package]]
name = "pyqt5-qt5"
version = "5.15.2"
description = "The subset of a Qt installation needed by PyQt5."
category = "main"
optional = false
python-versions = "*"

[[package]]
name = "pyqt5-sip"
version = "12.11.0"
description = "The sip module support for PyQt5"
category = "main"
optional = false
python-versions = ">=3.7"

[[package]]
name = "pyrsistent"
version = "0.18.1"
description = "Persistent/Functional/Immutable data structures"
category = "main"
optional = false
python-versions = ">=3.7"

[[package]]
name = "pytest"
version = "6.2.5"
description = "pytest: simple powerful testing with Python"
category = "dev"
optional = false
python-versions = ">=3.6"

[package.dependencies]
atomicwrites = {version = ">=1.0", markers = "sys_platform == \"win32\""}
attrs = ">=19.2.0"
colorama = {version = "*", markers = "sys_platform == \"win32\""}
iniconfig = "*"
packaging = "*"
pluggy = ">=0.12,<2.0"
py = ">=1.8.2"
toml = "*"

[package.extras]
testing = ["argcomplete", "hypothesis (>=3.56)", "mock", "nose", "requests", "xmlschema"]

[[package]]
name = "pytest-cov"
version = "2.12.1"
description = "Pytest plugin for measuring coverage."
category = "dev"
optional = false
python-versions = ">=2.7, !=3.0.*, !=3.1.*, !=3.2.*, !=3.3.*, !=3.4.*"

[package.dependencies]
coverage = ">=5.2.1"
pytest = ">=4.6"
toml = "*"

[package.extras]
testing = ["fields", "hunter", "process-tests", "six", "pytest-xdist", "virtualenv"]

[[package]]
name = "pytest-mock"
version = "3.8.2"
description = "Thin-wrapper around the mock package for easier use with pytest"
category = "dev"
optional = false
python-versions = ">=3.7"

[package.dependencies]
pytest = ">=5.0"

[package.extras]
dev = ["pre-commit", "tox", "pytest-asyncio"]

[[package]]
name = "python-dateutil"
version = "2.8.2"
description = "Extensions to the standard Python datetime module"
category = "main"
optional = false
python-versions = "!=3.0.*,!=3.1.*,!=3.2.*,>=2.7"

[package.dependencies]
six = ">=1.5"

[[package]]
name = "pytz"
version = "2022.1"
description = "World timezone definitions, modern and historical"
category = "main"
optional = false
python-versions = "*"

[[package]]
name = "scipy"
version = "1.7.3"
description = "SciPy: Scientific Library for Python"
category = "main"
optional = false
python-versions = ">=3.7,<3.11"

[package.dependencies]
numpy = ">=1.16.5,<1.23.0"

[[package]]
name = "six"
version = "1.16.0"
description = "Python 2 and 3 compatibility utilities"
category = "main"
optional = false
python-versions = ">=2.7, !=3.0.*, !=3.1.*, !=3.2.*"

[[package]]
name = "toml"
version = "0.10.2"
description = "Python Library for Tom's Obvious, Minimal Language"
category = "dev"
optional = false
python-versions = ">=2.6, !=3.0.*, !=3.1.*, !=3.2.*"

[[package]]
name = "tqdm"
version = "4.64.0"
description = "Fast, Extensible Progress Meter"
category = "main"
optional = false
python-versions = "!=3.0.*,!=3.1.*,!=3.2.*,!=3.3.*,>=2.7"

[package.dependencies]
colorama = {version = "*", markers = "platform_system == \"Windows\""}

[package.extras]
dev = ["py-make (>=0.1.0)", "twine", "wheel"]
notebook = ["ipywidgets (>=6)"]
slack = ["slack-sdk"]
telegram = ["requests"]

[[package]]
name = "zipp"
version = "3.8.0"
description = "Backport of pathlib-compatible object wrapper for zip files"
category = "main"
optional = false
python-versions = ">=3.7"

[package.extras]
docs = ["sphinx", "jaraco.packaging (>=9)", "rst.linker (>=1.9)"]
testing = ["pytest (>=6)", "pytest-checkdocs (>=2.4)", "pytest-flake8", "pytest-cov", "pytest-enabler (>=1.0.1)", "jaraco.itertools", "func-timeout", "pytest-black (>=0.3.7)", "pytest-mypy (>=0.9.1)"]

[metadata]
lock-version = "1.1"
python-versions = ">=3.8,<3.11"
content-hash = "9c8f6f9f24a5166b8044dee6bb6d105976ae8b4e5a928596df2e2d536d61ddc3"

[metadata.files]
astunparse = [
    {file = "astunparse-1.6.3-py2.py3-none-any.whl", hash = "sha256:c2652417f2c8b5bb325c885ae329bdf3f86424075c4fd1a128674bc6fba4b8e8"},
    {file = "astunparse-1.6.3.tar.gz", hash = "sha256:5ad93a8456f0d084c3456d059fd9a92cce667963232cbf763eac3bc5b7940872"},
]
atomicwrites = [
    {file = "atomicwrites-1.4.0-py2.py3-none-any.whl", hash = "sha256:6d1784dea7c0c8d4a5172b6c620f40b6e4cbfdf96d783691f2e1302a7b88e197"},
    {file = "atomicwrites-1.4.0.tar.gz", hash = "sha256:ae70396ad1a434f9c7046fd2dd196fc04b12f9e91ffb859164193be8b6168a7a"},
]
attrs = [
    {file = "attrs-20.3.0-py2.py3-none-any.whl", hash = "sha256:31b2eced602aa8423c2aea9c76a724617ed67cf9513173fd3a4f03e3a929c7e6"},
    {file = "attrs-20.3.0.tar.gz", hash = "sha256:832aa3cde19744e49938b91fea06d69ecb9e649c93ba974535d08ad92164f700"},
]
colorama = [
    {file = "colorama-0.4.5-py2.py3-none-any.whl", hash = "sha256:854bf444933e37f5824ae7bfc1e98d5bce2ebe4160d46b5edf346a89358e99da"},
    {file = "colorama-0.4.5.tar.gz", hash = "sha256:e6c6b4334fc50988a639d9b98aa429a0b57da6e17b9a44f0451f930b6967b7a4"},
]
coverage = [
    {file = "coverage-6.4.1-cp310-cp310-macosx_10_9_x86_64.whl", hash = "sha256:f1d5aa2703e1dab4ae6cf416eb0095304f49d004c39e9db1d86f57924f43006b"},
    {file = "coverage-6.4.1-cp310-cp310-macosx_11_0_arm64.whl", hash = "sha256:4ce1b258493cbf8aec43e9b50d89982346b98e9ffdfaae8ae5793bc112fb0068"},
    {file = "coverage-6.4.1-cp310-cp310-manylinux_2_17_aarch64.manylinux2014_aarch64.whl", hash = "sha256:83c4e737f60c6936460c5be330d296dd5b48b3963f48634c53b3f7deb0f34ec4"},
    {file = "coverage-6.4.1-cp310-cp310-manylinux_2_5_i686.manylinux1_i686.manylinux_2_17_i686.manylinux2014_i686.whl", hash = "sha256:84e65ef149028516c6d64461b95a8dbcfce95cfd5b9eb634320596173332ea84"},
    {file = "coverage-6.4.1-cp310-cp310-manylinux_2_5_x86_64.manylinux1_x86_64.manylinux_2_17_x86_64.manylinux2014_x86_64.whl", hash = "sha256:f69718750eaae75efe506406c490d6fc5a6161d047206cc63ce25527e8a3adad"},
    {file = "coverage-6.4.1-cp310-cp310-musllinux_1_1_aarch64.whl", hash = "sha256:e57816f8ffe46b1df8f12e1b348f06d164fd5219beba7d9433ba79608ef011cc"},
    {file = "coverage-6.4.1-cp310-cp310-musllinux_1_1_i686.whl", hash = "sha256:01c5615d13f3dd3aa8543afc069e5319cfa0c7d712f6e04b920431e5c564a749"},
    {file = "coverage-6.4.1-cp310-cp310-musllinux_1_1_x86_64.whl", hash = "sha256:75ab269400706fab15981fd4bd5080c56bd5cc07c3bccb86aab5e1d5a88dc8f4"},
    {file = "coverage-6.4.1-cp310-cp310-win32.whl", hash = "sha256:a7f3049243783df2e6cc6deafc49ea123522b59f464831476d3d1448e30d72df"},
    {file = "coverage-6.4.1-cp310-cp310-win_amd64.whl", hash = "sha256:ee2ddcac99b2d2aec413e36d7a429ae9ebcadf912946b13ffa88e7d4c9b712d6"},
    {file = "coverage-6.4.1-cp37-cp37m-macosx_10_9_x86_64.whl", hash = "sha256:fb73e0011b8793c053bfa85e53129ba5f0250fdc0392c1591fd35d915ec75c46"},
    {file = "coverage-6.4.1-cp37-cp37m-manylinux_2_17_aarch64.manylinux2014_aarch64.whl", hash = "sha256:106c16dfe494de3193ec55cac9640dd039b66e196e4641fa8ac396181578b982"},
    {file = "coverage-6.4.1-cp37-cp37m-manylinux_2_5_i686.manylinux1_i686.manylinux_2_17_i686.manylinux2014_i686.whl", hash = "sha256:87f4f3df85aa39da00fd3ec4b5abeb7407e82b68c7c5ad181308b0e2526da5d4"},
    {file = "coverage-6.4.1-cp37-cp37m-manylinux_2_5_x86_64.manylinux1_x86_64.manylinux_2_17_x86_64.manylinux2014_x86_64.whl", hash = "sha256:961e2fb0680b4f5ad63234e0bf55dfb90d302740ae9c7ed0120677a94a1590cb"},
    {file = "coverage-6.4.1-cp37-cp37m-musllinux_1_1_aarch64.whl", hash = "sha256:cec3a0f75c8f1031825e19cd86ee787e87cf03e4fd2865c79c057092e69e3a3b"},
    {file = "coverage-6.4.1-cp37-cp37m-musllinux_1_1_i686.whl", hash = "sha256:129cd05ba6f0d08a766d942a9ed4b29283aff7b2cccf5b7ce279d50796860bb3"},
    {file = "coverage-6.4.1-cp37-cp37m-musllinux_1_1_x86_64.whl", hash = "sha256:bf5601c33213d3cb19d17a796f8a14a9eaa5e87629a53979a5981e3e3ae166f6"},
    {file = "coverage-6.4.1-cp37-cp37m-win32.whl", hash = "sha256:269eaa2c20a13a5bf17558d4dc91a8d078c4fa1872f25303dddcbba3a813085e"},
    {file = "coverage-6.4.1-cp37-cp37m-win_amd64.whl", hash = "sha256:f02cbbf8119db68455b9d763f2f8737bb7db7e43720afa07d8eb1604e5c5ae28"},
    {file = "coverage-6.4.1-cp38-cp38-macosx_10_9_x86_64.whl", hash = "sha256:ffa9297c3a453fba4717d06df579af42ab9a28022444cae7fa605af4df612d54"},
    {file = "coverage-6.4.1-cp38-cp38-macosx_11_0_arm64.whl", hash = "sha256:145f296d00441ca703a659e8f3eb48ae39fb083baba2d7ce4482fb2723e050d9"},
    {file = "coverage-6.4.1-cp38-cp38-manylinux_2_17_aarch64.manylinux2014_aarch64.whl", hash = "sha256:d67d44996140af8b84284e5e7d398e589574b376fb4de8ccd28d82ad8e3bea13"},
    {file = "coverage-6.4.1-cp38-cp38-manylinux_2_5_i686.manylinux1_i686.manylinux_2_17_i686.manylinux2014_i686.whl", hash = "sha256:2bd9a6fc18aab8d2e18f89b7ff91c0f34ff4d5e0ba0b33e989b3cd4194c81fd9"},
    {file = "coverage-6.4.1-cp38-cp38-manylinux_2_5_x86_64.manylinux1_x86_64.manylinux_2_17_x86_64.manylinux2014_x86_64.whl", hash = "sha256:3384f2a3652cef289e38100f2d037956194a837221edd520a7ee5b42d00cc605"},
    {file = "coverage-6.4.1-cp38-cp38-musllinux_1_1_aarch64.whl", hash = "sha256:9b3e07152b4563722be523e8cd0b209e0d1a373022cfbde395ebb6575bf6790d"},
    {file = "coverage-6.4.1-cp38-cp38-musllinux_1_1_i686.whl", hash = "sha256:1480ff858b4113db2718848d7b2d1b75bc79895a9c22e76a221b9d8d62496428"},
    {file = "coverage-6.4.1-cp38-cp38-musllinux_1_1_x86_64.whl", hash = "sha256:865d69ae811a392f4d06bde506d531f6a28a00af36f5c8649684a9e5e4a85c83"},
    {file = "coverage-6.4.1-cp38-cp38-win32.whl", hash = "sha256:664a47ce62fe4bef9e2d2c430306e1428ecea207ffd68649e3b942fa8ea83b0b"},
    {file = "coverage-6.4.1-cp38-cp38-win_amd64.whl", hash = "sha256:26dff09fb0d82693ba9e6231248641d60ba606150d02ed45110f9ec26404ed1c"},
    {file = "coverage-6.4.1-cp39-cp39-macosx_10_9_x86_64.whl", hash = "sha256:d9c80df769f5ec05ad21ea34be7458d1dc51ff1fb4b2219e77fe24edf462d6df"},
    {file = "coverage-6.4.1-cp39-cp39-macosx_11_0_arm64.whl", hash = "sha256:39ee53946bf009788108b4dd2894bf1349b4e0ca18c2016ffa7d26ce46b8f10d"},
    {file = "coverage-6.4.1-cp39-cp39-manylinux_2_17_aarch64.manylinux2014_aarch64.whl", hash = "sha256:f5b66caa62922531059bc5ac04f836860412f7f88d38a476eda0a6f11d4724f4"},
    {file = "coverage-6.4.1-cp39-cp39-manylinux_2_5_i686.manylinux1_i686.manylinux_2_17_i686.manylinux2014_i686.whl", hash = "sha256:fd180ed867e289964404051a958f7cccabdeed423f91a899829264bb7974d3d3"},
    {file = "coverage-6.4.1-cp39-cp39-manylinux_2_5_x86_64.manylinux1_x86_64.manylinux_2_17_x86_64.manylinux2014_x86_64.whl", hash = "sha256:84631e81dd053e8a0d4967cedab6db94345f1c36107c71698f746cb2636c63e3"},
    {file = "coverage-6.4.1-cp39-cp39-musllinux_1_1_aarch64.whl", hash = "sha256:8c08da0bd238f2970230c2a0d28ff0e99961598cb2e810245d7fc5afcf1254e8"},
    {file = "coverage-6.4.1-cp39-cp39-musllinux_1_1_i686.whl", hash = "sha256:d42c549a8f41dc103a8004b9f0c433e2086add8a719da00e246e17cbe4056f72"},
    {file = "coverage-6.4.1-cp39-cp39-musllinux_1_1_x86_64.whl", hash = "sha256:309ce4a522ed5fca432af4ebe0f32b21d6d7ccbb0f5fcc99290e71feba67c264"},
    {file = "coverage-6.4.1-cp39-cp39-win32.whl", hash = "sha256:fdb6f7bd51c2d1714cea40718f6149ad9be6a2ee7d93b19e9f00934c0f2a74d9"},
    {file = "coverage-6.4.1-cp39-cp39-win_amd64.whl", hash = "sha256:342d4aefd1c3e7f620a13f4fe563154d808b69cccef415415aece4c786665397"},
    {file = "coverage-6.4.1-pp36.pp37.pp38-none-any.whl", hash = "sha256:4803e7ccf93230accb928f3a68f00ffa80a88213af98ed338a57ad021ef06815"},
    {file = "coverage-6.4.1.tar.gz", hash = "sha256:4321f075095a096e70aff1d002030ee612b65a205a0a0f5b815280d5dc58100c"},
]
importlib-metadata = [
    {file = "importlib_metadata-4.12.0-py3-none-any.whl", hash = "sha256:7401a975809ea1fdc658c3aa4f78cc2195a0e019c5cbc4c06122884e9ae80c23"},
    {file = "importlib_metadata-4.12.0.tar.gz", hash = "sha256:637245b8bab2b6502fcbc752cc4b7a6f6243bb02b31c5c26156ad103d3d45670"},
]
importlib-resources = [
    {file = "importlib_resources-5.8.0-py3-none-any.whl", hash = "sha256:7952325ffd516c05a8ad0858c74dff2c3343f136fe66a6002b2623dd1d43f223"},
    {file = "importlib_resources-5.8.0.tar.gz", hash = "sha256:568c9f16cb204f9decc8d6d24a572eeea27dacbb4cee9e6b03a8025736769751"},
]
iniconfig = [
    {file = "iniconfig-1.1.1-py2.py3-none-any.whl", hash = "sha256:011e24c64b7f47f6ebd835bb12a743f2fbe9a26d4cecaa7f53bc4f35ee9da8b3"},
    {file = "iniconfig-1.1.1.tar.gz", hash = "sha256:bc3af051d7d14b2ee5ef9969666def0cd1a000e121eaea580d4a313df4b37f32"},
]
jsonschema = [
    {file = "jsonschema-4.9.1-py3-none-any.whl", hash = "sha256:8ebad55894c002585271af2d327d99339ef566fb085d9129b69e2623867c4106"},
    {file = "jsonschema-4.9.1.tar.gz", hash = "sha256:408c4c8ed0dede3b268f7a441784f74206380b04f93eb2d537c7befb3df3099f"},
]
llvmlite = [
    {file = "llvmlite-0.39.0-cp310-cp310-macosx_10_9_x86_64.whl", hash = "sha256:589f08a1b1920e6004735819ce9aafdd85d030d4a231c1e7adaca9360724b1ed"},
    {file = "llvmlite-0.39.0-cp310-cp310-macosx_11_0_arm64.whl", hash = "sha256:44a9a5cbe76db8ba01a5f6fa21649d91aa8a2634cc6f3a60291797e42e67d79e"},
    {file = "llvmlite-0.39.0-cp310-cp310-manylinux_2_17_aarch64.manylinux2014_aarch64.whl", hash = "sha256:74d89f2ec4734d3e200fb90ea0b3ca5e9be40f3b3e50eb368ca9002ed5b3e4f8"},
    {file = "llvmlite-0.39.0-cp310-cp310-manylinux_2_17_i686.manylinux2014_i686.whl", hash = "sha256:8b4cb4f433b48792f02ec4ab619b86b145689302a3088a3f3853f50df6c2559d"},
    {file = "llvmlite-0.39.0-cp310-cp310-manylinux_2_17_x86_64.manylinux2014_x86_64.whl", hash = "sha256:35db4122182cc5112912a3ec94a3c18eab9a990bd588bfda8445087c1b748563"},
    {file = "llvmlite-0.39.0-cp310-cp310-win32.whl", hash = "sha256:c00bf7a8dc56b4b3618c65b67e75046410f751512871d9e23919cf1feb1007b2"},
    {file = "llvmlite-0.39.0-cp310-cp310-win_amd64.whl", hash = "sha256:72bd2e5db9790344ec39cef77098486635853829ecb0e66e6fa516488ff6dd9e"},
    {file = "llvmlite-0.39.0-cp37-cp37m-macosx_10_9_x86_64.whl", hash = "sha256:53c7c608baffdcdc2213926f4e3600036d4048aed08d6209b9f76a5439e529d6"},
    {file = "llvmlite-0.39.0-cp37-cp37m-manylinux_2_17_aarch64.manylinux2014_aarch64.whl", hash = "sha256:c3bbd23e42593f85a842614d8ddb2b2943630e4c4c8418ea0d8cf1dce9f2fa7a"},
    {file = "llvmlite-0.39.0-cp37-cp37m-manylinux_2_17_i686.manylinux2014_i686.whl", hash = "sha256:d733eb9c02bb8b01373228a1339901b1e50be4581105239c6052b9573ddb9298"},
    {file = "llvmlite-0.39.0-cp37-cp37m-manylinux_2_17_x86_64.manylinux2014_x86_64.whl", hash = "sha256:f575fcb9bebe5bcbe20373c56ad3ebf63bae0e27d3c22c1a4dc27fa4666d0324"},
    {file = "llvmlite-0.39.0-cp37-cp37m-win32.whl", hash = "sha256:5ca4ea962da6ec3b007bedab17065781803d71159b03435f24ce6845cf3d1c66"},
    {file = "llvmlite-0.39.0-cp37-cp37m-win_amd64.whl", hash = "sha256:8e461608135859ac40e39211d9c63a1ce35176513f6b8be87efb554d4af3a388"},
    {file = "llvmlite-0.39.0-cp38-cp38-macosx_10_9_x86_64.whl", hash = "sha256:62a11b8e9e5fc4783d94da45d94c5a047ce6ccc4c112ae5f764109e9405fcc2c"},
    {file = "llvmlite-0.39.0-cp38-cp38-macosx_11_0_arm64.whl", hash = "sha256:9272b7e344d12b36dafeb6911054eff32d2a9be7256a2866f0c09d08f945e17f"},
    {file = "llvmlite-0.39.0-cp38-cp38-manylinux_2_17_aarch64.manylinux2014_aarch64.whl", hash = "sha256:3df59a7c2b60764fb9eeaf9c442d757eca1f3e87298d4f88849203667528581e"},
    {file = "llvmlite-0.39.0-cp38-cp38-manylinux_2_17_i686.manylinux2014_i686.whl", hash = "sha256:4cfd6688efd0f551168dd8626f386464aef25663268a2400c0f6a089b97a73dc"},
    {file = "llvmlite-0.39.0-cp38-cp38-manylinux_2_17_x86_64.manylinux2014_x86_64.whl", hash = "sha256:c7292b394956749e51ae3d51a2085932a0e3261108b35eda61d702c1b977102c"},
    {file = "llvmlite-0.39.0-cp38-cp38-win32.whl", hash = "sha256:f8e9463a7d0152994b6f7d630012297bb160db237ad9ca8e75c8dceef7a747cf"},
    {file = "llvmlite-0.39.0-cp38-cp38-win_amd64.whl", hash = "sha256:8d8149fdaab40ae48ea4ec816ae2ae5d36d664795e1b1dfb911fc2c62bc73184"},
    {file = "llvmlite-0.39.0-cp39-cp39-macosx_10_9_x86_64.whl", hash = "sha256:0929e3c26bcafb53545c77bcf7020b943dcefcf8d7d3010f414384458f805cc1"},
    {file = "llvmlite-0.39.0-cp39-cp39-macosx_11_0_arm64.whl", hash = "sha256:56ea23c6bbcd25a7c050a26b6effe836a575a33183744cbc28fb21358b3801f8"},
    {file = "llvmlite-0.39.0-cp39-cp39-manylinux_2_17_aarch64.manylinux2014_aarch64.whl", hash = "sha256:2f82d605c5d6c8df96fe19bc3a61c934580e24cafa694cbf79cb227cdc0e426a"},
    {file = "llvmlite-0.39.0-cp39-cp39-manylinux_2_17_i686.manylinux2014_i686.whl", hash = "sha256:e7f7a7278ba6d75533be46abc3d9e242030ab017f0016dd081b55f821cc03be9"},
    {file = "llvmlite-0.39.0-cp39-cp39-manylinux_2_17_x86_64.manylinux2014_x86_64.whl", hash = "sha256:56ccfe736a12aef2e39450a22e4c027eee4f488c5786c81d0b18ff8a6cf52531"},
    {file = "llvmlite-0.39.0-cp39-cp39-win32.whl", hash = "sha256:0706abf522dc510ddc818f5c9e1cdae521a1416d3c399bbfc4827813379f0164"},
    {file = "llvmlite-0.39.0-cp39-cp39-win_amd64.whl", hash = "sha256:d4a8199263859b97f174035e39297e770617d3497fac44fe738f74ce9c51d22b"},
    {file = "llvmlite-0.39.0.tar.gz", hash = "sha256:01098be54f1aa25e391cebba8ea71cd1533f8cd1f50e34c7dd7540c2560a93af"},
]
mdtraj = [
    {file = "mdtraj-1.9.7.tar.gz", hash = "sha256:8a3309d2ef6ddb1023dcf48300d5df9b190469b63f69af9d55490bc4799d3757"},
]
numba = [
    {file = "numba-0.56.0-cp310-cp310-macosx_10_14_x86_64.whl", hash = "sha256:885174997a1c875f8fa56d17451c96001c571090083e59c5973eeb26616a88e8"},
    {file = "numba-0.56.0-cp310-cp310-macosx_11_0_arm64.whl", hash = "sha256:f9696d2d800860f1820127190dc58d4b754cff98d913c11e0c00cfd5273b607a"},
    {file = "numba-0.56.0-cp310-cp310-manylinux2014_aarch64.manylinux_2_17_aarch64.whl", hash = "sha256:606b746e4799ea734dcb57bc1182d4af9192b8634ddefbc8790048c157a442c6"},
    {file = "numba-0.56.0-cp310-cp310-manylinux2014_i686.manylinux_2_17_i686.whl", hash = "sha256:452b076b082cb91476c309c90a5ecb1094608e777c7b6d1b38a11b3d90585826"},
    {file = "numba-0.56.0-cp310-cp310-manylinux2014_x86_64.manylinux_2_17_x86_64.whl", hash = "sha256:a4482b921644c8415e15ccf180d866ea95fc499fe29ca5f27a9aa61aa484133e"},
    {file = "numba-0.56.0-cp310-cp310-win32.whl", hash = "sha256:50e156bc1d29457a5db25d2df8745e0caa178ef8c9cd2507236eda4cdb1aa05e"},
    {file = "numba-0.56.0-cp310-cp310-win_amd64.whl", hash = "sha256:f3558988e9d05efb2d552ed747124e4d2f0313b6664451a995f971904aeb83f6"},
    {file = "numba-0.56.0-cp37-cp37m-macosx_10_14_x86_64.whl", hash = "sha256:4fd22a209dda8a662392fd06db426c13be029cd0a0a5d8d4eb5d6da4813093a4"},
    {file = "numba-0.56.0-cp37-cp37m-manylinux2014_aarch64.manylinux_2_17_aarch64.whl", hash = "sha256:bb07dce1492ebaf3890859178c9bbe8f45d5b9075c6745372ee4c735a785ce07"},
    {file = "numba-0.56.0-cp37-cp37m-manylinux2014_i686.manylinux_2_17_i686.whl", hash = "sha256:aa7cd6ca961072f6c073d9fc501b9c019d9140276ef782ba7913e786ca71a84a"},
    {file = "numba-0.56.0-cp37-cp37m-manylinux2014_x86_64.manylinux_2_17_x86_64.whl", hash = "sha256:bc09a025e11627fdca888e8d49dae16d2a3dcc5b58f95627ee37e1637e281d9d"},
    {file = "numba-0.56.0-cp37-cp37m-win32.whl", hash = "sha256:4393f4c8a46f454a9f3007f442506b19803fffd72f3e241607b1d42162ca0bb2"},
    {file = "numba-0.56.0-cp37-cp37m-win_amd64.whl", hash = "sha256:3785329ee5f71321f672ccf27ea05ac80df84b8d20f5f6fdcf863d01cc0e64ce"},
    {file = "numba-0.56.0-cp38-cp38-macosx_10_14_x86_64.whl", hash = "sha256:949f03f7744a0ec3257e87ac2da7ca82c599a9da679321bf120caf0df1f16d2c"},
    {file = "numba-0.56.0-cp38-cp38-macosx_11_0_arm64.whl", hash = "sha256:c72fddecd4499efc8ace9f54ef46fefdae6690e687f378e20314bddde4d13ee6"},
    {file = "numba-0.56.0-cp38-cp38-manylinux2014_aarch64.manylinux_2_17_aarch64.whl", hash = "sha256:c5fc5c14b7d9ab9a71519c1203bc1b28f80893693ef0b1b660a9d464e18b6a0d"},
    {file = "numba-0.56.0-cp38-cp38-manylinux2014_i686.manylinux_2_17_i686.whl", hash = "sha256:1ae20b2e811b707632ca2a80a62b4f60bff98af71e28690541e427c336c464e7"},
    {file = "numba-0.56.0-cp38-cp38-manylinux2014_x86_64.manylinux_2_17_x86_64.whl", hash = "sha256:1f7f5fcc4d69a2d59182e566e68f87cfde09d25f952a00c70c679d046664b12d"},
    {file = "numba-0.56.0-cp38-cp38-win32.whl", hash = "sha256:e45395d77a91fc9d91d8ab1c90de14579f312bd23d6122856737e227d599c726"},
    {file = "numba-0.56.0-cp38-cp38-win_amd64.whl", hash = "sha256:b963149ddb7d26eca1aff0b1f54e8d6e5020e8a459d724f58f6adb157f36c27c"},
    {file = "numba-0.56.0-cp39-cp39-macosx_10_14_x86_64.whl", hash = "sha256:4a613ff04d32e160a4bf2fcc5f805a03d9e3e3d8f2d3c9a742407880e66d8e0f"},
    {file = "numba-0.56.0-cp39-cp39-macosx_11_0_arm64.whl", hash = "sha256:f4c6c0ba5950c2d92d4688162887f194798abf5039fd94060a31bade91ef8638"},
    {file = "numba-0.56.0-cp39-cp39-manylinux2014_aarch64.manylinux_2_17_aarch64.whl", hash = "sha256:e06b6ffc0c3efda7b8b1c41b5244c856cf9e04efa77c48d6f788ef3a003704c7"},
    {file = "numba-0.56.0-cp39-cp39-manylinux2014_i686.manylinux_2_17_i686.whl", hash = "sha256:34627da15052dc0480640e35bc1be72b9cfc253dedea8d15891f0066e5d1f58f"},
    {file = "numba-0.56.0-cp39-cp39-manylinux2014_x86_64.manylinux_2_17_x86_64.whl", hash = "sha256:cba64cd7dadfe5fa71a51d1b641e6535f47ee7e61537d5d62d2af3fb3d5fbd02"},
    {file = "numba-0.56.0-cp39-cp39-win32.whl", hash = "sha256:f44b6da86911098eaf910e6e56c5db1d6b851266377880513660f4f8312cadb8"},
    {file = "numba-0.56.0-cp39-cp39-win_amd64.whl", hash = "sha256:8994db76f36d043e883b81784954057893e34de4accd27d35ac2cf27093f40e3"},
    {file = "numba-0.56.0.tar.gz", hash = "sha256:87a647dd4b8fce389869ff71f117732de9a519fe07663d9a02d75724eb8e244d"},
]
numpy = [
    {file = "numpy-1.22.0-cp310-cp310-macosx_10_9_universal2.whl", hash = "sha256:3d22662b4b10112c545c91a0741f2436f8ca979ab3d69d03d19322aa970f9695"},
    {file = "numpy-1.22.0-cp310-cp310-macosx_10_9_x86_64.whl", hash = "sha256:11a1f3816ea82eed4178102c56281782690ab5993251fdfd75039aad4d20385f"},
    {file = "numpy-1.22.0-cp310-cp310-macosx_11_0_arm64.whl", hash = "sha256:5dc65644f75a4c2970f21394ad8bea1a844104f0fe01f278631be1c7eae27226"},
    {file = "numpy-1.22.0-cp310-cp310-manylinux_2_17_aarch64.manylinux2014_aarch64.whl", hash = "sha256:42c16cec1c8cf2728f1d539bd55aaa9d6bb48a7de2f41eb944697293ef65a559"},
    {file = "numpy-1.22.0-cp310-cp310-manylinux_2_17_x86_64.manylinux2014_x86_64.whl", hash = "sha256:a97e82c39d9856fe7d4f9b86d8a1e66eff99cf3a8b7ba48202f659703d27c46f"},
    {file = "numpy-1.22.0-cp310-cp310-win_amd64.whl", hash = "sha256:e41e8951749c4b5c9a2dc5fdbc1a4eec6ab2a140fdae9b460b0f557eed870f4d"},
    {file = "numpy-1.22.0-cp38-cp38-macosx_10_9_universal2.whl", hash = "sha256:bece0a4a49e60e472a6d1f70ac6cdea00f9ab80ff01132f96bd970cdd8a9e5a9"},
    {file = "numpy-1.22.0-cp38-cp38-macosx_10_9_x86_64.whl", hash = "sha256:818b9be7900e8dc23e013a92779135623476f44a0de58b40c32a15368c01d471"},
    {file = "numpy-1.22.0-cp38-cp38-macosx_11_0_arm64.whl", hash = "sha256:47ee7a839f5885bc0c63a74aabb91f6f40d7d7b639253768c4199b37aede7982"},
    {file = "numpy-1.22.0-cp38-cp38-manylinux_2_17_aarch64.manylinux2014_aarch64.whl", hash = "sha256:a024181d7aef0004d76fb3bce2a4c9f2e67a609a9e2a6ff2571d30e9976aa383"},
    {file = "numpy-1.22.0-cp38-cp38-manylinux_2_17_x86_64.manylinux2014_x86_64.whl", hash = "sha256:f71d57cc8645f14816ae249407d309be250ad8de93ef61d9709b45a0ddf4050c"},
    {file = "numpy-1.22.0-cp38-cp38-win32.whl", hash = "sha256:283d9de87c0133ef98f93dfc09fad3fb382f2a15580de75c02b5bb36a5a159a5"},
    {file = "numpy-1.22.0-cp38-cp38-win_amd64.whl", hash = "sha256:2762331de395739c91f1abb88041f94a080cb1143aeec791b3b223976228af3f"},
    {file = "numpy-1.22.0-cp39-cp39-macosx_10_9_universal2.whl", hash = "sha256:76ba7c40e80f9dc815c5e896330700fd6e20814e69da9c1267d65a4d051080f1"},
    {file = "numpy-1.22.0-cp39-cp39-macosx_10_9_x86_64.whl", hash = "sha256:0cfe07133fd00b27edee5e6385e333e9eeb010607e8a46e1cd673f05f8596595"},
    {file = "numpy-1.22.0-cp39-cp39-macosx_11_0_arm64.whl", hash = "sha256:6ed0d073a9c54ac40c41a9c2d53fcc3d4d4ed607670b9e7b0de1ba13b4cbfe6f"},
    {file = "numpy-1.22.0-cp39-cp39-manylinux_2_17_aarch64.manylinux2014_aarch64.whl", hash = "sha256:41388e32e40b41dd56eb37fcaa7488b2b47b0adf77c66154d6b89622c110dfe9"},
    {file = "numpy-1.22.0-cp39-cp39-manylinux_2_17_x86_64.manylinux2014_x86_64.whl", hash = "sha256:b55b953a1bdb465f4dc181758570d321db4ac23005f90ffd2b434cc6609a63dd"},
    {file = "numpy-1.22.0-cp39-cp39-win32.whl", hash = "sha256:5a311ee4d983c487a0ab546708edbdd759393a3dc9cd30305170149fedd23c88"},
    {file = "numpy-1.22.0-cp39-cp39-win_amd64.whl", hash = "sha256:a97a954a8c2f046d3817c2bce16e3c7e9a9c2afffaf0400f5c16df5172a67c9c"},
    {file = "numpy-1.22.0-pp38-pypy38_pp73-manylinux_2_17_x86_64.manylinux2014_x86_64.whl", hash = "sha256:bb02929b0d6bfab4c48a79bd805bd7419114606947ec8284476167415171f55b"},
    {file = "numpy-1.22.0.zip", hash = "sha256:a955e4128ac36797aaffd49ab44ec74a71c11d6938df83b1285492d277db5397"},
]
packaging = [
    {file = "packaging-21.3-py3-none-any.whl", hash = "sha256:ef103e05f519cdc783ae24ea4e2e0f508a9c99b2d4969652eed6a2e1ea5bd522"},
    {file = "packaging-21.3.tar.gz", hash = "sha256:dd47c42927d89ab911e606518907cc2d3a1f38bbd026385970643f9c5b8ecfeb"},
]
pandas = [
    {file = "pandas-1.4.3-cp310-cp310-macosx_10_9_universal2.whl", hash = "sha256:d51674ed8e2551ef7773820ef5dab9322be0828629f2cbf8d1fc31a0c4fed640"},
    {file = "pandas-1.4.3-cp310-cp310-macosx_10_9_x86_64.whl", hash = "sha256:16ad23db55efcc93fa878f7837267973b61ea85d244fc5ff0ccbcfa5638706c5"},
    {file = "pandas-1.4.3-cp310-cp310-macosx_11_0_arm64.whl", hash = "sha256:958a0588149190c22cdebbc0797e01972950c927a11a900fe6c2296f207b1d6f"},
    {file = "pandas-1.4.3-cp310-cp310-manylinux_2_17_aarch64.manylinux2014_aarch64.whl", hash = "sha256:e48fbb64165cda451c06a0f9e4c7a16b534fcabd32546d531b3c240ce2844112"},
    {file = "pandas-1.4.3-cp310-cp310-manylinux_2_17_x86_64.manylinux2014_x86_64.whl", hash = "sha256:6f803320c9da732cc79210d7e8cc5c8019aad512589c910c66529eb1b1818230"},
    {file = "pandas-1.4.3-cp310-cp310-win_amd64.whl", hash = "sha256:2893e923472a5e090c2d5e8db83e8f907364ec048572084c7d10ef93546be6d1"},
    {file = "pandas-1.4.3-cp38-cp38-macosx_10_9_universal2.whl", hash = "sha256:24ea75f47bbd5574675dae21d51779a4948715416413b30614c1e8b480909f81"},
    {file = "pandas-1.4.3-cp38-cp38-macosx_10_9_x86_64.whl", hash = "sha256:d5ebc990bd34f4ac3c73a2724c2dcc9ee7bf1ce6cf08e87bb25c6ad33507e318"},
    {file = "pandas-1.4.3-cp38-cp38-macosx_11_0_arm64.whl", hash = "sha256:d6c0106415ff1a10c326c49bc5dd9ea8b9897a6ca0c8688eb9c30ddec49535ef"},
    {file = "pandas-1.4.3-cp38-cp38-manylinux_2_17_aarch64.manylinux2014_aarch64.whl", hash = "sha256:78b00429161ccb0da252229bcda8010b445c4bf924e721265bec5a6e96a92e92"},
    {file = "pandas-1.4.3-cp38-cp38-manylinux_2_17_x86_64.manylinux2014_x86_64.whl", hash = "sha256:6dfbf16b1ea4f4d0ee11084d9c026340514d1d30270eaa82a9f1297b6c8ecbf0"},
    {file = "pandas-1.4.3-cp38-cp38-win32.whl", hash = "sha256:48350592665ea3cbcd07efc8c12ff12d89be09cd47231c7925e3b8afada9d50d"},
    {file = "pandas-1.4.3-cp38-cp38-win_amd64.whl", hash = "sha256:605d572126eb4ab2eadf5c59d5d69f0608df2bf7bcad5c5880a47a20a0699e3e"},
    {file = "pandas-1.4.3-cp39-cp39-macosx_10_9_universal2.whl", hash = "sha256:a3924692160e3d847e18702bb048dc38e0e13411d2b503fecb1adf0fcf950ba4"},
    {file = "pandas-1.4.3-cp39-cp39-macosx_10_9_x86_64.whl", hash = "sha256:07238a58d7cbc8a004855ade7b75bbd22c0db4b0ffccc721556bab8a095515f6"},
    {file = "pandas-1.4.3-cp39-cp39-macosx_11_0_arm64.whl", hash = "sha256:755679c49460bd0d2f837ab99f0a26948e68fa0718b7e42afbabd074d945bf84"},
    {file = "pandas-1.4.3-cp39-cp39-manylinux_2_17_aarch64.manylinux2014_aarch64.whl", hash = "sha256:41fc406e374590a3d492325b889a2686b31e7a7780bec83db2512988550dadbf"},
    {file = "pandas-1.4.3-cp39-cp39-manylinux_2_17_x86_64.manylinux2014_x86_64.whl", hash = "sha256:1d9382f72a4f0e93909feece6fef5500e838ce1c355a581b3d8f259839f2ea76"},
    {file = "pandas-1.4.3-cp39-cp39-win32.whl", hash = "sha256:0daf876dba6c622154b2e6741f29e87161f844e64f84801554f879d27ba63c0d"},
    {file = "pandas-1.4.3-cp39-cp39-win_amd64.whl", hash = "sha256:721a3dd2f06ef942f83a819c0f3f6a648b2830b191a72bbe9451bcd49c3bd42e"},
    {file = "pandas-1.4.3.tar.gz", hash = "sha256:2ff7788468e75917574f080cd4681b27e1a7bf36461fe968b49a87b5a54d007c"},
]
pkgutil-resolve-name = [
    {file = "pkgutil_resolve_name-1.3.10-py3-none-any.whl", hash = "sha256:ca27cc078d25c5ad71a9de0a7a330146c4e014c2462d9af19c6b828280649c5e"},
    {file = "pkgutil_resolve_name-1.3.10.tar.gz", hash = "sha256:357d6c9e6a755653cfd78893817c0853af365dd51ec97f3d358a819373bbd174"},
]
pluggy = [
    {file = "pluggy-1.0.0-py2.py3-none-any.whl", hash = "sha256:74134bbf457f031a36d68416e1509f34bd5ccc019f0bcc952c7b909d06b37bd3"},
    {file = "pluggy-1.0.0.tar.gz", hash = "sha256:4224373bacce55f955a878bf9cfa763c1e360858e330072059e10bad68531159"},
]
py = [
    {file = "py-1.11.0-py2.py3-none-any.whl", hash = "sha256:607c53218732647dff4acdfcd50cb62615cedf612e72d1724fb1a0cc6405b378"},
    {file = "py-1.11.0.tar.gz", hash = "sha256:51c75c4126074b472f746a24399ad32f6053d1b34b68d2fa41e558e6f4a98719"},
]
pyparsing = [
    {file = "pyparsing-3.0.9-py3-none-any.whl", hash = "sha256:5026bae9a10eeaefb61dab2f09052b9f4307d44aee4eda64b309723d8d206bbc"},
    {file = "pyparsing-3.0.9.tar.gz", hash = "sha256:2b020ecf7d21b687f219b71ecad3631f644a47f01403fa1d1036b0c6416d70fb"},
]
pyqt5 = [
    {file = "PyQt5-5.15.7-cp37-abi3-macosx_10_13_x86_64.whl", hash = "sha256:1a793748c60d5aff3850b7abf84d47c1d41edb11231b7d7c16bef602c36be643"},
    {file = "PyQt5-5.15.7-cp37-abi3-manylinux1_x86_64.whl", hash = "sha256:e319c9d8639e0729235c1b09c99afdadad96fa3dbd8392ab561b5ab5946ee6ef"},
    {file = "PyQt5-5.15.7-cp37-abi3-win32.whl", hash = "sha256:08694f0a4c7d4f3d36b2311b1920e6283240ad3b7c09b515e08262e195dcdf37"},
    {file = "PyQt5-5.15.7-cp37-abi3-win_amd64.whl", hash = "sha256:232fe5b135a095cbd024cf341d928fc672c963f88e6a52b0c605be8177c2fdb5"},
    {file = "PyQt5-5.15.7.tar.gz", hash = "sha256:755121a52b3a08cb07275c10ebb96576d36e320e572591db16cfdbc558101594"},
]
pyqt5-qt5 = [
    {file = "PyQt5_Qt5-5.15.2-py3-none-macosx_10_13_intel.whl", hash = "sha256:76980cd3d7ae87e3c7a33bfebfaee84448fd650bad6840471d6cae199b56e154"},
    {file = "PyQt5_Qt5-5.15.2-py3-none-manylinux2014_x86_64.whl", hash = "sha256:1988f364ec8caf87a6ee5d5a3a5210d57539988bf8e84714c7d60972692e2f4a"},
    {file = "PyQt5_Qt5-5.15.2-py3-none-win32.whl", hash = "sha256:9cc7a768b1921f4b982ebc00a318ccb38578e44e45316c7a4a850e953e1dd327"},
    {file = "PyQt5_Qt5-5.15.2-py3-none-win_amd64.whl", hash = "sha256:750b78e4dba6bdf1607febedc08738e318ea09e9b10aea9ff0d73073f11f6962"},
]
pyqt5-sip = [
    {file = "PyQt5_sip-12.11.0-cp310-cp310-macosx_10_9_universal2.whl", hash = "sha256:f1f9e312ff8284d6dfebc5366f6f7d103f84eec23a4da0be0482403933e68660"},
    {file = "PyQt5_sip-12.11.0-cp310-cp310-manylinux1_x86_64.whl", hash = "sha256:4031547dfb679be309094bfa79254f5badc5ddbe66b9ad38e319d84a7d612443"},
    {file = "PyQt5_sip-12.11.0-cp310-cp310-win32.whl", hash = "sha256:ad21ca0ee8cae2a41b61fc04949dccfab6fe008749627d94e8c7078cb7a73af1"},
    {file = "PyQt5_sip-12.11.0-cp310-cp310-win_amd64.whl", hash = "sha256:3126c84568ab341c12e46ded2230f62a9a78752a70fdab13713f89a71cd44f73"},
    {file = "PyQt5_sip-12.11.0-cp37-cp37m-macosx_10_9_x86_64.whl", hash = "sha256:0f77655c62ec91d47c2c99143f248624d44dd2d8a12d016e7c020508ad418aca"},
    {file = "PyQt5_sip-12.11.0-cp37-cp37m-manylinux1_x86_64.whl", hash = "sha256:ec5e9ef78852e1f96f86d7e15c9215878422b83dde36d44f1539a3062942f19c"},
    {file = "PyQt5_sip-12.11.0-cp37-cp37m-win32.whl", hash = "sha256:d12b81c3a08abf7657a2ebc7d3649852a1f327eb2146ebadf45930486d32e920"},
    {file = "PyQt5_sip-12.11.0-cp37-cp37m-win_amd64.whl", hash = "sha256:b69a1911f768b489846335e31e49eb34795c6b5a038ca24d894d751e3b0b44da"},
    {file = "PyQt5_sip-12.11.0-cp38-cp38-macosx_10_9_x86_64.whl", hash = "sha256:51e377789d59196213eddf458e6927f33ba9d217b614d17d20df16c9a8b2c41c"},
    {file = "PyQt5_sip-12.11.0-cp38-cp38-manylinux1_x86_64.whl", hash = "sha256:4e5c1559311515291ea0ab0635529f14536954e3b973a7c7890ab7e4de1c2c23"},
    {file = "PyQt5_sip-12.11.0-cp38-cp38-win32.whl", hash = "sha256:9bca450c5306890cb002fe36bbca18f979dd9e5b810b766dce8e3ce5e66ba795"},
    {file = "PyQt5_sip-12.11.0-cp38-cp38-win_amd64.whl", hash = "sha256:f6b72035da4e8fecbb0bc4a972e30a5674a9ad5608dbddaa517e983782dbf3bf"},
    {file = "PyQt5_sip-12.11.0-cp39-cp39-macosx_10_9_universal2.whl", hash = "sha256:9356260d4feb60dbac0ab66f8a791a0d2cda1bf98c9dec8e575904a045fbf7c5"},
    {file = "PyQt5_sip-12.11.0-cp39-cp39-manylinux1_x86_64.whl", hash = "sha256:205f3e1b3eea3597d8e878936c1a06e04bd23a59e8b179ee806465d72eea3071"},
    {file = "PyQt5_sip-12.11.0-cp39-cp39-win32.whl", hash = "sha256:686071be054e5be6ca5aaaef7960931d4ba917277e839e2e978c7cbe3f43bb6e"},
    {file = "PyQt5_sip-12.11.0-cp39-cp39-win_amd64.whl", hash = "sha256:42320e7a94b1085ed85d49794ed4ccfe86f1cae80b44a894db908a8aba2bc60e"},
    {file = "PyQt5_sip-12.11.0.tar.gz", hash = "sha256:b4710fd85b57edef716cc55fae45bfd5bfac6fc7ba91036f1dcc3f331ca0eb39"},
]
pyrsistent = [
    {file = "pyrsistent-0.18.1-cp310-cp310-macosx_10_9_universal2.whl", hash = "sha256:df46c854f490f81210870e509818b729db4488e1f30f2a1ce1698b2295a878d1"},
    {file = "pyrsistent-0.18.1-cp310-cp310-manylinux_2_17_x86_64.manylinux2014_x86_64.whl", hash = "sha256:5d45866ececf4a5fff8742c25722da6d4c9e180daa7b405dc0a2a2790d668c26"},
    {file = "pyrsistent-0.18.1-cp310-cp310-manylinux_2_5_i686.manylinux1_i686.manylinux_2_17_i686.manylinux2014_i686.whl", hash = "sha256:4ed6784ceac462a7d6fcb7e9b663e93b9a6fb373b7f43594f9ff68875788e01e"},
    {file = "pyrsistent-0.18.1-cp310-cp310-win32.whl", hash = "sha256:e4f3149fd5eb9b285d6bfb54d2e5173f6a116fe19172686797c056672689daf6"},
    {file = "pyrsistent-0.18.1-cp310-cp310-win_amd64.whl", hash = "sha256:636ce2dc235046ccd3d8c56a7ad54e99d5c1cd0ef07d9ae847306c91d11b5fec"},
    {file = "pyrsistent-0.18.1-cp37-cp37m-macosx_10_9_x86_64.whl", hash = "sha256:e92a52c166426efbe0d1ec1332ee9119b6d32fc1f0bbfd55d5c1088070e7fc1b"},
    {file = "pyrsistent-0.18.1-cp37-cp37m-manylinux_2_17_x86_64.manylinux2014_x86_64.whl", hash = "sha256:d7a096646eab884bf8bed965bad63ea327e0d0c38989fc83c5ea7b8a87037bfc"},
    {file = "pyrsistent-0.18.1-cp37-cp37m-manylinux_2_5_i686.manylinux1_i686.manylinux_2_17_i686.manylinux2014_i686.whl", hash = "sha256:cdfd2c361b8a8e5d9499b9082b501c452ade8bbf42aef97ea04854f4a3f43b22"},
    {file = "pyrsistent-0.18.1-cp37-cp37m-win32.whl", hash = "sha256:7ec335fc998faa4febe75cc5268a9eac0478b3f681602c1f27befaf2a1abe1d8"},
    {file = "pyrsistent-0.18.1-cp37-cp37m-win_amd64.whl", hash = "sha256:6455fc599df93d1f60e1c5c4fe471499f08d190d57eca040c0ea182301321286"},
    {file = "pyrsistent-0.18.1-cp38-cp38-macosx_10_9_universal2.whl", hash = "sha256:fd8da6d0124efa2f67d86fa70c851022f87c98e205f0594e1fae044e7119a5a6"},
    {file = "pyrsistent-0.18.1-cp38-cp38-manylinux_2_17_x86_64.manylinux2014_x86_64.whl", hash = "sha256:7bfe2388663fd18bd8ce7db2c91c7400bf3e1a9e8bd7d63bf7e77d39051b85ec"},
    {file = "pyrsistent-0.18.1-cp38-cp38-manylinux_2_5_i686.manylinux1_i686.manylinux_2_17_i686.manylinux2014_i686.whl", hash = "sha256:0e3e1fcc45199df76053026a51cc59ab2ea3fc7c094c6627e93b7b44cdae2c8c"},
    {file = "pyrsistent-0.18.1-cp38-cp38-win32.whl", hash = "sha256:b568f35ad53a7b07ed9b1b2bae09eb15cdd671a5ba5d2c66caee40dbf91c68ca"},
    {file = "pyrsistent-0.18.1-cp38-cp38-win_amd64.whl", hash = "sha256:d1b96547410f76078eaf66d282ddca2e4baae8964364abb4f4dcdde855cd123a"},
    {file = "pyrsistent-0.18.1-cp39-cp39-macosx_10_9_universal2.whl", hash = "sha256:f87cc2863ef33c709e237d4b5f4502a62a00fab450c9e020892e8e2ede5847f5"},
    {file = "pyrsistent-0.18.1-cp39-cp39-manylinux_2_17_x86_64.manylinux2014_x86_64.whl", hash = "sha256:6bc66318fb7ee012071b2792024564973ecc80e9522842eb4e17743604b5e045"},
    {file = "pyrsistent-0.18.1-cp39-cp39-manylinux_2_5_i686.manylinux1_i686.manylinux_2_17_i686.manylinux2014_i686.whl", hash = "sha256:914474c9f1d93080338ace89cb2acee74f4f666fb0424896fcfb8d86058bf17c"},
    {file = "pyrsistent-0.18.1-cp39-cp39-win32.whl", hash = "sha256:1b34eedd6812bf4d33814fca1b66005805d3640ce53140ab8bbb1e2651b0d9bc"},
    {file = "pyrsistent-0.18.1-cp39-cp39-win_amd64.whl", hash = "sha256:e24a828f57e0c337c8d8bb9f6b12f09dfdf0273da25fda9e314f0b684b415a07"},
    {file = "pyrsistent-0.18.1.tar.gz", hash = "sha256:d4d61f8b993a7255ba714df3aca52700f8125289f84f704cf80916517c46eb96"},
]
pytest = [
    {file = "pytest-6.2.5-py3-none-any.whl", hash = "sha256:7310f8d27bc79ced999e760ca304d69f6ba6c6649c0b60fb0e04a4a77cacc134"},
    {file = "pytest-6.2.5.tar.gz", hash = "sha256:131b36680866a76e6781d13f101efb86cf674ebb9762eb70d3082b6f29889e89"},
]
pytest-cov = [
    {file = "pytest-cov-2.12.1.tar.gz", hash = "sha256:261ceeb8c227b726249b376b8526b600f38667ee314f910353fa318caa01f4d7"},
    {file = "pytest_cov-2.12.1-py2.py3-none-any.whl", hash = "sha256:261bb9e47e65bd099c89c3edf92972865210c36813f80ede5277dceb77a4a62a"},
]
pytest-mock = [
    {file = "pytest-mock-3.8.2.tar.gz", hash = "sha256:77f03f4554392558700295e05aed0b1096a20d4a60a4f3ddcde58b0c31c8fca2"},
    {file = "pytest_mock-3.8.2-py3-none-any.whl", hash = "sha256:8a9e226d6c0ef09fcf20c94eb3405c388af438a90f3e39687f84166da82d5948"},
]
python-dateutil = [
    {file = "python-dateutil-2.8.2.tar.gz", hash = "sha256:0123cacc1627ae19ddf3c27a5de5bd67ee4586fbdd6440d9748f8abb483d3e86"},
    {file = "python_dateutil-2.8.2-py2.py3-none-any.whl", hash = "sha256:961d03dc3453ebbc59dbdea9e4e11c5651520a876d0f4db161e8674aae935da9"},
]
pytz = [
    {file = "pytz-2022.1-py2.py3-none-any.whl", hash = "sha256:e68985985296d9a66a881eb3193b0906246245294a881e7c8afe623866ac6a5c"},
    {file = "pytz-2022.1.tar.gz", hash = "sha256:1e760e2fe6a8163bc0b3d9a19c4f84342afa0a2affebfaa84b01b978a02ecaa7"},
]
scipy = [
    {file = "scipy-1.7.3-1-cp310-cp310-macosx_12_0_arm64.whl", hash = "sha256:c9e04d7e9b03a8a6ac2045f7c5ef741be86727d8f49c45db45f244bdd2bcff17"},
    {file = "scipy-1.7.3-1-cp38-cp38-macosx_12_0_arm64.whl", hash = "sha256:b0e0aeb061a1d7dcd2ed59ea57ee56c9b23dd60100825f98238c06ee5cc4467e"},
    {file = "scipy-1.7.3-1-cp39-cp39-macosx_12_0_arm64.whl", hash = "sha256:b78a35c5c74d336f42f44106174b9851c783184a85a3fe3e68857259b37b9ffb"},
    {file = "scipy-1.7.3-cp310-cp310-macosx_10_9_x86_64.whl", hash = "sha256:173308efba2270dcd61cd45a30dfded6ec0085b4b6eb33b5eb11ab443005e088"},
    {file = "scipy-1.7.3-cp310-cp310-macosx_12_0_arm64.whl", hash = "sha256:21b66200cf44b1c3e86495e3a436fc7a26608f92b8d43d344457c54f1c024cbc"},
    {file = "scipy-1.7.3-cp310-cp310-manylinux_2_17_aarch64.manylinux2014_aarch64.whl", hash = "sha256:ceebc3c4f6a109777c0053dfa0282fddb8893eddfb0d598574acfb734a926168"},
    {file = "scipy-1.7.3-cp310-cp310-manylinux_2_17_x86_64.manylinux2014_x86_64.whl", hash = "sha256:f7eaea089345a35130bc9a39b89ec1ff69c208efa97b3f8b25ea5d4c41d88094"},
    {file = "scipy-1.7.3-cp310-cp310-win_amd64.whl", hash = "sha256:304dfaa7146cffdb75fbf6bb7c190fd7688795389ad060b970269c8576d038e9"},
    {file = "scipy-1.7.3-cp37-cp37m-macosx_10_9_x86_64.whl", hash = "sha256:033ce76ed4e9f62923e1f8124f7e2b0800db533828c853b402c7eec6e9465d80"},
    {file = "scipy-1.7.3-cp37-cp37m-manylinux_2_12_i686.manylinux2010_i686.whl", hash = "sha256:4d242d13206ca4302d83d8a6388c9dfce49fc48fdd3c20efad89ba12f785bf9e"},
    {file = "scipy-1.7.3-cp37-cp37m-manylinux_2_12_x86_64.manylinux2010_x86_64.whl", hash = "sha256:8499d9dd1459dc0d0fe68db0832c3d5fc1361ae8e13d05e6849b358dc3f2c279"},
    {file = "scipy-1.7.3-cp37-cp37m-manylinux_2_17_aarch64.manylinux2014_aarch64.whl", hash = "sha256:ca36e7d9430f7481fc7d11e015ae16fbd5575615a8e9060538104778be84addf"},
    {file = "scipy-1.7.3-cp37-cp37m-win32.whl", hash = "sha256:e2c036492e673aad1b7b0d0ccdc0cb30a968353d2c4bf92ac8e73509e1bf212c"},
    {file = "scipy-1.7.3-cp37-cp37m-win_amd64.whl", hash = "sha256:866ada14a95b083dd727a845a764cf95dd13ba3dc69a16b99038001b05439709"},
    {file = "scipy-1.7.3-cp38-cp38-macosx_10_9_x86_64.whl", hash = "sha256:65bd52bf55f9a1071398557394203d881384d27b9c2cad7df9a027170aeaef93"},
    {file = "scipy-1.7.3-cp38-cp38-macosx_12_0_arm64.whl", hash = "sha256:f99d206db1f1ae735a8192ab93bd6028f3a42f6fa08467d37a14eb96c9dd34a3"},
    {file = "scipy-1.7.3-cp38-cp38-manylinux_2_12_i686.manylinux2010_i686.whl", hash = "sha256:5f2cfc359379c56b3a41b17ebd024109b2049f878badc1e454f31418c3a18436"},
    {file = "scipy-1.7.3-cp38-cp38-manylinux_2_17_aarch64.manylinux2014_aarch64.whl", hash = "sha256:eb7ae2c4dbdb3c9247e07acc532f91077ae6dbc40ad5bd5dca0bb5a176ee9bda"},
    {file = "scipy-1.7.3-cp38-cp38-manylinux_2_17_x86_64.manylinux2014_x86_64.whl", hash = "sha256:95c2d250074cfa76715d58830579c64dff7354484b284c2b8b87e5a38321672c"},
    {file = "scipy-1.7.3-cp38-cp38-win32.whl", hash = "sha256:87069cf875f0262a6e3187ab0f419f5b4280d3dcf4811ef9613c605f6e4dca95"},
    {file = "scipy-1.7.3-cp38-cp38-win_amd64.whl", hash = "sha256:7edd9a311299a61e9919ea4192dd477395b50c014cdc1a1ac572d7c27e2207fa"},
    {file = "scipy-1.7.3-cp39-cp39-macosx_10_9_x86_64.whl", hash = "sha256:eef93a446114ac0193a7b714ce67659db80caf940f3232bad63f4c7a81bc18df"},
    {file = "scipy-1.7.3-cp39-cp39-macosx_12_0_arm64.whl", hash = "sha256:eb326658f9b73c07081300daba90a8746543b5ea177184daed26528273157294"},
    {file = "scipy-1.7.3-cp39-cp39-manylinux_2_12_i686.manylinux2010_i686.whl", hash = "sha256:93378f3d14fff07572392ce6a6a2ceb3a1f237733bd6dcb9eb6a2b29b0d19085"},
    {file = "scipy-1.7.3-cp39-cp39-manylinux_2_17_aarch64.manylinux2014_aarch64.whl", hash = "sha256:edad1cf5b2ce1912c4d8ddad20e11d333165552aba262c882e28c78bbc09dbf6"},
    {file = "scipy-1.7.3-cp39-cp39-manylinux_2_17_x86_64.manylinux2014_x86_64.whl", hash = "sha256:5d1cc2c19afe3b5a546ede7e6a44ce1ff52e443d12b231823268019f608b9b12"},
    {file = "scipy-1.7.3-cp39-cp39-win32.whl", hash = "sha256:2c56b820d304dffcadbbb6cbfbc2e2c79ee46ea291db17e288e73cd3c64fefa9"},
    {file = "scipy-1.7.3-cp39-cp39-win_amd64.whl", hash = "sha256:3f78181a153fa21c018d346f595edd648344751d7f03ab94b398be2ad083ed3e"},
    {file = "scipy-1.7.3.tar.gz", hash = "sha256:ab5875facfdef77e0a47d5fd39ea178b58e60e454a4c85aa1e52fcb80db7babf"},
]
six = [
    {file = "six-1.16.0-py2.py3-none-any.whl", hash = "sha256:8abb2f1d86890a2dfb989f9a77cfcfd3e47c2a354b01111771326f8aa26e0254"},
    {file = "six-1.16.0.tar.gz", hash = "sha256:1e61c37477a1626458e36f7b1d82aa5c9b094fa4802892072e49de9c60c4c926"},
]
toml = [
    {file = "toml-0.10.2-py2.py3-none-any.whl", hash = "sha256:806143ae5bfb6a3c6e736a764057db0e6a0e05e338b5630894a5f779cabb4f9b"},
    {file = "toml-0.10.2.tar.gz", hash = "sha256:b3bda1d108d5dd99f4a20d24d9c348e91c4db7ab1b749200bded2f839ccbe68f"},
]
tqdm = [
    {file = "tqdm-4.64.0-py2.py3-none-any.whl", hash = "sha256:74a2cdefe14d11442cedf3ba4e21a3b84ff9a2dbdc6cfae2c34addb2a14a5ea6"},
    {file = "tqdm-4.64.0.tar.gz", hash = "sha256:40be55d30e200777a307a7585aee69e4eabb46b4ec6a4b4a5f2d9f11e7d5408d"},
]
zipp = [
    {file = "zipp-3.8.0-py3-none-any.whl", hash = "sha256:c4f6e5bbf48e74f7a38e7cc5b0480ff42b0ae5178957d564d18932525d5cf099"},
    {file = "zipp-3.8.0.tar.gz", hash = "sha256:56bf8aadb83c24db6c4b577e13de374ccfb67da2078beba1d037c17980bf43ad"},
]
